
Microsoft Visual Studio Solution File, Format Version 12.00
# Visual Studio Version 16
VisualStudioVersion = 25.0.1706.14
MinimumVisualStudioVersion = 10.0.40219.1
Project("{FAE04EC0-301F-11D3-BF4B-00C04F79EFBC}") = "CarDesigner", "CarDesigner\CarDesigner.csproj", "{0E72146E-F80F-4241-BCED-99382F5143C0}"
EndProject
Project("{FAE04EC0-301F-11D3-BF4B-00C04F79EFBC}") = "CarDesigner.BL", "CarDesigner.BL\CarDesigner.BL.csproj", "{6F800892-8CBF-46BC-9518-940DB98FF89B}"
EndProject
Project("{FAE04EC0-301F-11D3-BF4B-00C04F79EFBC}") = "CarDesigner.DAL", "CarDesigner.DAL\CarDesigner.DAL.csproj", "{369058F6-BFD9-4B25-A89F-94EB3F45BDEF}"
EndProject
Global
	GlobalSection(SolutionConfigurationPlatforms) = preSolution
		Debug|Any CPU = Debug|Any CPU
		Release|Any CPU = Release|Any CPU
	EndGlobalSection
	GlobalSection(ProjectConfigurationPlatforms) = postSolution
		{0E72146E-F80F-4241-BCED-99382F5143C0}.Debug|Any CPU.ActiveCfg = Debug|Any CPU
		{0E72146E-F80F-4241-BCED-99382F5143C0}.Debug|Any CPU.Build.0 = Debug|Any CPU
		{0E72146E-F80F-4241-BCED-99382F5143C0}.Release|Any CPU.ActiveCfg = Release|Any CPU
		{0E72146E-F80F-4241-BCED-99382F5143C0}.Release|Any CPU.Build.0 = Release|Any CPU
		{6F800892-8CBF-46BC-9518-940DB98FF89B}.Debug|Any CPU.ActiveCfg = Debug|Any CPU
		{6F800892-8CBF-46BC-9518-940DB98FF89B}.Debug|Any CPU.Build.0 = Debug|Any CPU
		{6F800892-8CBF-46BC-9518-940DB98FF89B}.Release|Any CPU.ActiveCfg = Release|Any CPU
		{6F800892-8CBF-46BC-9518-940DB98FF89B}.Release|Any CPU.Build.0 = Release|Any CPU
		{369058F6-BFD9-4B25-A89F-94EB3F45BDEF}.Debug|Any CPU.ActiveCfg = Debug|Any CPU
		{369058F6-BFD9-4B25-A89F-94EB3F45BDEF}.Debug|Any CPU.Build.0 = Debug|Any CPU
		{369058F6-BFD9-4B25-A89F-94EB3F45BDEF}.Release|Any CPU.ActiveCfg = Release|Any CPU
		{369058F6-BFD9-4B25-A89F-94EB3F45BDEF}.Release|Any CPU.Build.0 = Release|Any CPU
	EndGlobalSection
	GlobalSection(SolutionProperties) = preSolution
		HideSolutionNode = FALSE
	EndGlobalSection
	GlobalSection(ExtensibilityGlobals) = postSolution
		SolutionGuid = {57799891-7FDA-47A7-81AD-A895F6F40831}
	EndGlobalSection
EndGlobal
